<?xml version="1.0" encoding="utf-8"?>
<Project ToolsVersion="4.0" xmlns="http://schemas.microsoft.com/developer/msbuild/2003">
  <ItemGroup>
    <Filter Include="Source Files">
      <UniqueIdentifier>{4FC737F1-C7A5-4376-A066-2A32D752A2FF}</UniqueIdentifier>
      <Extensions>cpp;c;cc;cxx;def;odl;idl;hpj;bat;asm;asmx</Extensions>
    </Filter>
    <Filter Include="Header Files">
      <UniqueIdentifier>{93995380-89BD-4b04-88EB-625FBE52EBFB}</UniqueIdentifier>
      <Extensions>h;hh;hpp;hxx;hm;inl;inc;xsd</Extensions>
    </Filter>
    <Filter Include="Resource Files">
      <UniqueIdentifier>{67DA6AB6-F800-4c08-8B7A-83BB121AAD01}</UniqueIdentifier>
      <Extensions>rc;ico;cur;bmp;dlg;rc2;rct;bin;rgs;gif;jpg;jpeg;jpe;resx;tiff;tif;png;wav;mfcribbon-ms</Extensions>
    </Filter>
    <Filter Include="Auxiliary">
      <UniqueIdentifier>{74c068a6-f300-4d6a-ac39-e64dde0583f9}</UniqueIdentifier>
    </Filter>
    <Filter Include="Configuration">
      <UniqueIdentifier>{2c359b39-3915-4172-ad91-0a9be5165532}</UniqueIdentifier>
    </Filter>
    <Filter Include="RainAeternum">
      <UniqueIdentifier>{287a0ecd-eff3-40ef-ad73-f761b893a736}</UniqueIdentifier>
    </Filter>
    <Filter Include="Dynamic">
      <UniqueIdentifier>{256708d4-a248-4be8-9cac-99477e398116}</UniqueIdentifier>
    </Filter>
  </ItemGroup>
  <ItemGroup>
    <ClInclude Include="BuildID.h">
      <Filter>Resource Files</Filter>
    </ClInclude>
    <ClInclude Include="resource.h">
      <Filter>Resource Files</Filter>
    </ClInclude>
    <ClInclude Include="Main.h">
      <Filter>Header Files</Filter>
    </ClInclude>
    <ClInclude Include="Start.h">
      <Filter>Header Files</Filter>
    </ClInclude>
    <ClInclude Include="..\..\Common\RainAeternum\AlgorithmLibraries.h">
      <Filter>RainAeternum</Filter>
    </ClInclude>
    <ClInclude Include="..\..\Common\RainAeternum\GdiplusInclude.h">
      <Filter>RainAeternum</Filter>
    </ClInclude>
    <ClInclude Include="..\..\Common\RainAeternum\NetworkBase.h">
      <Filter>RainAeternum</Filter>
    </ClInclude>
    <ClInclude Include="..\..\Common\RainAeternum\NetworkClientManager.h">
      <Filter>RainAeternum</Filter>
    </ClInclude>
    <ClInclude Include="..\..\Common\RainAeternum\NetworkLibraries.h">
      <Filter>RainAeternum</Filter>
    </ClInclude>
    <ClInclude Include="..\..\Common\RainAeternum\NetworkRecvThread.h">
      <Filter>RainAeternum</Filter>
    </ClInclude>
    <ClInclude Include="..\..\Common\RainAeternum\NetworkServerManager.h">
      <Filter>RainAeternum</Filter>
    </ClInclude>
    <ClInclude Include="..\..\Common\RainAeternum\NetworkSMTP.h">
      <Filter>RainAeternum</Filter>
    </ClInclude>
    <ClInclude Include="..\..\Common\RainAeternum\NetworkSocketManager.h">
      <Filter>RainAeternum</Filter>
    </ClInclude>
    <ClInclude Include="..\..\Common\RainAeternum\NetworkUtility.h">
      <Filter>RainAeternum</Filter>
    </ClInclude>
    <ClInclude Include="..\..\Common\RainAeternum\NetworkWSAInclude.h">
      <Filter>RainAeternum</Filter>
    </ClInclude>
    <ClInclude Include="..\..\Common\RainAeternum\RainLibraries.h">
      <Filter>RainAeternum</Filter>
    </ClInclude>
    <ClInclude Include="..\..\Common\RainAeternum\RainWindow.h">
      <Filter>RainAeternum</Filter>
    </ClInclude>
    <ClInclude Include="..\..\Common\RainAeternum\UtilityError.h">
      <Filter>RainAeternum</Filter>
    </ClInclude>
    <ClInclude Include="..\..\Common\RainAeternum\UtilityFilesystem.h">
      <Filter>RainAeternum</Filter>
    </ClInclude>
    <ClInclude Include="..\..\Common\RainAeternum\UtilityLibraries.h">
      <Filter>RainAeternum</Filter>
    </ClInclude>
    <ClInclude Include="..\..\Common\RainAeternum\UtilityLogging.h">
      <Filter>RainAeternum</Filter>
    </ClInclude>
    <ClInclude Include="..\..\Common\RainAeternum\UtilityString.h">
      <Filter>RainAeternum</Filter>
    </ClInclude>
    <ClInclude Include="..\..\Common\RainAeternum\UtilityTime.h">
      <Filter>RainAeternum</Filter>
    </ClInclude>
    <ClInclude Include="..\..\Common\RainAeternum\WindowsLAMInclude.h">
      <Filter>RainAeternum</Filter>
    </ClInclude>
  </ItemGroup>
  <ItemGroup>
    <None Include="BuildIDInc.bat">
      <Filter>Resource Files</Filter>
    </None>
    <None Include="config-loc.ini">
      <Filter>Configuration</Filter>
    </None>
    <None Include="..\..\..\Configuration\EmiliaUpdate\EmiliaUpdateCRHelper\config.ini">
      <Filter>Configuration</Filter>
    </None>
  </ItemGroup>
  <ItemGroup>
    <ResourceCompile Include="resource.rc">
      <Filter>Resource Files</Filter>
    </ResourceCompile>
  </ItemGroup>
  <ItemGroup>
    <ClCompile Include="Main.cpp">
      <Filter>Source Files</Filter>
    </ClCompile>
    <ClCompile Include="Start.cpp">
      <Filter>Source Files</Filter>
    </ClCompile>
    <ClCompile Include="..\..\Common\RainAeternum\AlgorithmLibraries.cpp">
      <Filter>RainAeternum</Filter>
    </ClCompile>
    <ClCompile Include="..\..\Common\RainAeternum\GdiplusInclude.cpp">
      <Filter>RainAeternum</Filter>
    </ClCompile>
    <ClCompile Include="..\..\Common\RainAeternum\NetworkBase.cpp">
      <Filter>RainAeternum</Filter>
    </ClCompile>
    <ClCompile Include="..\..\Common\RainAeternum\NetworkClientManager.cpp">
      <Filter>RainAeternum</Filter>
    </ClCompile>
    <ClCompile Include="..\..\Common\RainAeternum\NetworkLibraries.cpp">
      <Filter>RainAeternum</Filter>
    </ClCompile>
    <ClCompile Include="..\..\Common\RainAeternum\NetworkRecvThread.cpp">
      <Filter>RainAeternum</Filter>
    </ClCompile>
    <ClCompile Include="..\..\Common\RainAeternum\NetworkServerManager.cpp">
      <Filter>RainAeternum</Filter>
    </ClCompile>
    <ClCompile Include="..\..\Common\RainAeternum\NetworkSMTP.cpp">
      <Filter>RainAeternum</Filter>
    </ClCompile>
    <ClCompile Include="..\..\Common\RainAeternum\NetworkSocketManager.cpp">
      <Filter>RainAeternum</Filter>
    </ClCompile>
    <ClCompile Include="..\..\Common\RainAeternum\NetworkUtility.cpp">
      <Filter>RainAeternum</Filter>
    </ClCompile>
    <ClCompile Include="..\..\Common\RainAeternum\NetworkWSAInclude.cpp">
      <Filter>RainAeternum</Filter>
    </ClCompile>
    <ClCompile Include="..\..\Common\RainAeternum\RainLibraries.cpp">
      <Filter>RainAeternum</Filter>
    </ClCompile>
    <ClCompile Include="..\..\Common\RainAeternum\RainWindow.cpp">
      <Filter>RainAeternum</Filter>
    </ClCompile>
    <ClCompile Include="..\..\Common\RainAeternum\UtilityError.cpp">
      <Filter>RainAeternum</Filter>
    </ClCompile>
    <ClCompile Include="..\..\Common\RainAeternum\UtilityFilesystem.cpp">
      <Filter>RainAeternum</Filter>
    </ClCompile>
    <ClCompile Include="..\..\Common\RainAeternum\UtilityLibraries.cpp">
      <Filter>RainAeternum</Filter>
    </ClCompile>
    <ClCompile Include="..\..\Common\RainAeternum\UtilityLogging.cpp">
      <Filter>RainAeternum</Filter>
    </ClCompile>
    <ClCompile Include="..\..\Common\RainAeternum\UtilityString.cpp">
      <Filter>RainAeternum</Filter>
    </ClCompile>
    <ClCompile Include="..\..\Common\RainAeternum\UtilityTime.cpp">
      <Filter>RainAeternum</Filter>
    </ClCompile>
    <ClCompile Include="..\..\Common\RainAeternum\WindowsLAMInclude.cpp">
      <Filter>RainAeternum</Filter>
    </ClCompile>
  </ItemGroup>
  <ItemGroup>
    <Text Include="..\..\..\Auxiliary\EmiliaUpdate\EmiliaUpdateCRHelper\error.log">
      <Filter>Auxiliary</Filter>
    </Text>
    <Text Include="..\..\..\Auxiliary\EmiliaUpdate\EmiliaUpdateCRHelper\log.log">
      <Filter>Auxiliary</Filter>
    </Text>
    <Text Include="..\..\..\Auxiliary\EmiliaUpdate\EmiliaUpdateCRHelper\memory-leaks.log">
      <Filter>Auxiliary</Filter>
    </Text>
  </ItemGroup>
</Project>