
Microsoft Visual Studio Solution File, Format Version 12.00
# Visual Studio 15
VisualStudioVersion = 15.0.27130.2036
MinimumVisualStudioVersion = 10.0.40219.1
Project("{8BC9CEB8-8B4A-11D0-8D11-00A0C91BC942}") = "EMTServer", "EMTServer\EMTServer.vcxproj", "{BC62E9C2-F6ED-4129-90BC-17CA20293E01}"
EndProject
Project("{2150E333-8FDC-42A3-9474-1A3956D46DE8}") = "Solution Items", "Solution Items", "{CE8A0386-9CAD-4111-8830-780E04A57B96}"
	ProjectSection(SolutionItems) = preProject
		.gitattributes = .gitattributes
		.gitignore = .gitignore
		changelog.txt = changelog.txt
		readme.txt = readme.txt
	EndProjectSection
EndProject
Project("{8BC9CEB8-8B4A-11D0-8D11-00A0C91BC942}") = "EMTSMTPServer", "EMTSMTPServer\EMTSMTPServer.vcxproj", "{2A59C17C-AA2A-4D8C-A82D-1B8AA291D41E}"
EndProject
Project("{8BC9CEB8-8B4A-11D0-8D11-00A0C91BC942}") = "EMTSMTPClient", "EMTSMTPClient\EMTSMTPClient.vcxproj", "{BCEBF271-97C5-4C62-97CC-3C2B2EDEE7E2}"
EndProject
Global
	GlobalSection(SolutionConfigurationPlatforms) = preSolution
		Debug|x64 = Debug|x64
		Debug|x86 = Debug|x86
		Release|x64 = Release|x64
		Release|x86 = Release|x86
	EndGlobalSection
	GlobalSection(ProjectConfigurationPlatforms) = postSolution
		{BC62E9C2-F6ED-4129-90BC-17CA20293E01}.Debug|x64.ActiveCfg = Debug|x64
		{BC62E9C2-F6ED-4129-90BC-17CA20293E01}.Debug|x64.Build.0 = Debug|x64
		{BC62E9C2-F6ED-4129-90BC-17CA20293E01}.Debug|x86.ActiveCfg = Debug|Win32
		{BC62E9C2-F6ED-4129-90BC-17CA20293E01}.Debug|x86.Build.0 = Debug|Win32
		{BC62E9C2-F6ED-4129-90BC-17CA20293E01}.Release|x64.ActiveCfg = Release|x64
		{BC62E9C2-F6ED-4129-90BC-17CA20293E01}.Release|x64.Build.0 = Release|x64
		{BC62E9C2-F6ED-4129-90BC-17CA20293E01}.Release|x86.ActiveCfg = Release|Win32
		{BC62E9C2-F6ED-4129-90BC-17CA20293E01}.Release|x86.Build.0 = Release|Win32
		{2A59C17C-AA2A-4D8C-A82D-1B8AA291D41E}.Debug|x64.ActiveCfg = Debug|x64
		{2A59C17C-AA2A-4D8C-A82D-1B8AA291D41E}.Debug|x64.Build.0 = Debug|x64
		{2A59C17C-AA2A-4D8C-A82D-1B8AA291D41E}.Debug|x86.ActiveCfg = Debug|Win32
		{2A59C17C-AA2A-4D8C-A82D-1B8AA291D41E}.Debug|x86.Build.0 = Debug|Win32
		{2A59C17C-AA2A-4D8C-A82D-1B8AA291D41E}.Release|x64.ActiveCfg = Release|x64
		{2A59C17C-AA2A-4D8C-A82D-1B8AA291D41E}.Release|x64.Build.0 = Release|x64
		{2A59C17C-AA2A-4D8C-A82D-1B8AA291D41E}.Release|x86.ActiveCfg = Release|Win32
		{2A59C17C-AA2A-4D8C-A82D-1B8AA291D41E}.Release|x86.Build.0 = Release|Win32
		{BCEBF271-97C5-4C62-97CC-3C2B2EDEE7E2}.Debug|x64.ActiveCfg = Debug|x64
		{BCEBF271-97C5-4C62-97CC-3C2B2EDEE7E2}.Debug|x64.Build.0 = Debug|x64
		{BCEBF271-97C5-4C62-97CC-3C2B2EDEE7E2}.Debug|x86.ActiveCfg = Debug|Win32
		{BCEBF271-97C5-4C62-97CC-3C2B2EDEE7E2}.Debug|x86.Build.0 = Debug|Win32
		{BCEBF271-97C5-4C62-97CC-3C2B2EDEE7E2}.Release|x64.ActiveCfg = Release|x64
		{BCEBF271-97C5-4C62-97CC-3C2B2EDEE7E2}.Release|x64.Build.0 = Release|x64
		{BCEBF271-97C5-4C62-97CC-3C2B2EDEE7E2}.Release|x86.ActiveCfg = Release|Win32
		{BCEBF271-97C5-4C62-97CC-3C2B2EDEE7E2}.Release|x86.Build.0 = Release|Win32
	EndGlobalSection
	GlobalSection(SolutionProperties) = preSolution
		HideSolutionNode = FALSE
	EndGlobalSection
	GlobalSection(ExtensibilityGlobals) = postSolution
		SolutionGuid = {34D67DBB-8BF4-4028-B7C1-C6278878AF0C}
	EndGlobalSection
EndGlobal
