<?xml version="1.0" encoding="utf-8"?>
<Project ToolsVersion="4.0" xmlns="http://schemas.microsoft.com/developer/msbuild/2003">
  <ItemGroup>
    <Filter Include="Source Files">
      <UniqueIdentifier>{4FC737F1-C7A5-4376-A066-2A32D752A2FF}</UniqueIdentifier>
      <Extensions>cpp;c;cc;cxx;def;odl;idl;hpj;bat;asm;asmx</Extensions>
    </Filter>
    <Filter Include="Header Files">
      <UniqueIdentifier>{93995380-89BD-4b04-88EB-625FBE52EBFB}</UniqueIdentifier>
      <Extensions>h;hh;hpp;hxx;hm;inl;inc;xsd</Extensions>
    </Filter>
    <Filter Include="Resource Files">
      <UniqueIdentifier>{67DA6AB6-F800-4c08-8B7A-83BB121AAD01}</UniqueIdentifier>
      <Extensions>rc;ico;cur;bmp;dlg;rc2;rct;bin;rgs;gif;jpg;jpeg;jpe;resx;tiff;tif;png;wav;mfcribbon-ms</Extensions>
    </Filter>
    <Filter Include="RainLibrary3">
      <UniqueIdentifier>{96261c24-7651-4477-a11b-f9105a279357}</UniqueIdentifier>
    </Filter>
  </ItemGroup>
  <ItemGroup>
    <ClInclude Include="BuildID.h">
      <Filter>Resource Files</Filter>
    </ClInclude>
    <ClInclude Include="resource.h">
      <Filter>Resource Files</Filter>
    </ClInclude>
    <ClInclude Include="Main.h">
      <Filter>Header Files</Filter>
    </ClInclude>
    <ClInclude Include="Start.h">
      <Filter>Header Files</Filter>
    </ClInclude>
    <ClInclude Include="..\RainLibrary3\RainUtilityGeneral.h">
      <Filter>RainLibrary3</Filter>
    </ClInclude>
    <ClInclude Include="..\RainLibrary3\RainUtilityString.h">
      <Filter>RainLibrary3</Filter>
    </ClInclude>
    <ClInclude Include="..\RainLibrary3\RainWindow.h">
      <Filter>RainLibrary3</Filter>
    </ClInclude>
    <ClInclude Include="..\RainLibrary3\RainWindowsLAM.h">
      <Filter>RainLibrary3</Filter>
    </ClInclude>
    <ClInclude Include="..\RainLibrary3\RainWSA2.h">
      <Filter>RainLibrary3</Filter>
    </ClInclude>
    <ClInclude Include="..\RainLibrary3\RainWSA2Include.h">
      <Filter>RainLibrary3</Filter>
    </ClInclude>
    <ClInclude Include="..\RainLibrary3\RainWSA2SendRecv.h">
      <Filter>RainLibrary3</Filter>
    </ClInclude>
    <ClInclude Include="..\RainLibrary3\RainWSA2Utility.h">
      <Filter>RainLibrary3</Filter>
    </ClInclude>
    <ClInclude Include="..\RainLibrary3\RainError.h">
      <Filter>RainLibrary3</Filter>
    </ClInclude>
    <ClInclude Include="..\RainLibrary3\RainGdiPlusInclude.h">
      <Filter>RainLibrary3</Filter>
    </ClInclude>
    <ClInclude Include="..\RainLibrary3\RainLibraries.h">
      <Filter>RainLibrary3</Filter>
    </ClInclude>
    <ClInclude Include="..\RainLibrary3\RainLogging.h">
      <Filter>RainLibrary3</Filter>
    </ClInclude>
    <ClInclude Include="..\RainLibrary3\RainUtility.h">
      <Filter>RainLibrary3</Filter>
    </ClInclude>
    <ClInclude Include="..\RainLibrary3\RainUtilityFile.h">
      <Filter>RainLibrary3</Filter>
    </ClInclude>
    <ClInclude Include="ProcMessage.h">
      <Filter>Header Files</Filter>
    </ClInclude>
    <ClInclude Include="..\RainLibrary3\RainWSA2RecvParam.h">
      <Filter>RainLibrary3</Filter>
    </ClInclude>
    <ClInclude Include="ListenThreadParam.h">
      <Filter>Header Files</Filter>
    </ClInclude>
    <ClInclude Include="ListenWndParam.h">
      <Filter>Header Files</Filter>
    </ClInclude>
    <ClInclude Include="RecvFuncParam.h">
      <Filter>Header Files</Filter>
    </ClInclude>
    <ClInclude Include="ListenThreadNode.h">
      <Filter>Header Files</Filter>
    </ClInclude>
    <ClInclude Include="ListenThread.h">
      <Filter>Header Files</Filter>
    </ClInclude>
  </ItemGroup>
  <ItemGroup>
    <None Include="BuildIDInc.bat">
      <Filter>Resource Files</Filter>
    </None>
    <None Include="config.ini" />
  </ItemGroup>
  <ItemGroup>
    <ResourceCompile Include="resource.rc">
      <Filter>Resource Files</Filter>
    </ResourceCompile>
  </ItemGroup>
  <ItemGroup>
    <ClCompile Include="Main.cpp">
      <Filter>Source Files</Filter>
    </ClCompile>
    <ClCompile Include="Start.cpp">
      <Filter>Source Files</Filter>
    </ClCompile>
    <ClCompile Include="..\RainLibrary3\RainUtilityGeneral.cpp">
      <Filter>RainLibrary3</Filter>
    </ClCompile>
    <ClCompile Include="..\RainLibrary3\RainUtilityString.cpp">
      <Filter>RainLibrary3</Filter>
    </ClCompile>
    <ClCompile Include="..\RainLibrary3\RainWindow.cpp">
      <Filter>RainLibrary3</Filter>
    </ClCompile>
    <ClCompile Include="..\RainLibrary3\RainWindowsLAM.cpp">
      <Filter>RainLibrary3</Filter>
    </ClCompile>
    <ClCompile Include="..\RainLibrary3\RainWSA2.cpp">
      <Filter>RainLibrary3</Filter>
    </ClCompile>
    <ClCompile Include="..\RainLibrary3\RainWSA2Include.cpp">
      <Filter>RainLibrary3</Filter>
    </ClCompile>
    <ClCompile Include="..\RainLibrary3\RainWSA2SendRecv.cpp">
      <Filter>RainLibrary3</Filter>
    </ClCompile>
    <ClCompile Include="..\RainLibrary3\RainWSA2Utility.cpp">
      <Filter>RainLibrary3</Filter>
    </ClCompile>
    <ClCompile Include="..\RainLibrary3\RainError.cpp">
      <Filter>RainLibrary3</Filter>
    </ClCompile>
    <ClCompile Include="..\RainLibrary3\RainGdiPlusInclude.cpp">
      <Filter>RainLibrary3</Filter>
    </ClCompile>
    <ClCompile Include="..\RainLibrary3\RainLibraries.cpp">
      <Filter>RainLibrary3</Filter>
    </ClCompile>
    <ClCompile Include="..\RainLibrary3\RainLogging.cpp">
      <Filter>RainLibrary3</Filter>
    </ClCompile>
    <ClCompile Include="..\RainLibrary3\RainUtility.cpp">
      <Filter>RainLibrary3</Filter>
    </ClCompile>
    <ClCompile Include="..\RainLibrary3\RainUtilityFile.cpp">
      <Filter>RainLibrary3</Filter>
    </ClCompile>
    <ClCompile Include="ProcMessage.cpp">
      <Filter>Source Files</Filter>
    </ClCompile>
    <ClCompile Include="..\RainLibrary3\RainWSA2RecvParam.cpp">
      <Filter>RainLibrary3</Filter>
    </ClCompile>
    <ClCompile Include="ListenThreadParam.cpp">
      <Filter>Source Files</Filter>
    </ClCompile>
    <ClCompile Include="ListenWndParam.cpp">
      <Filter>Source Files</Filter>
    </ClCompile>
    <ClCompile Include="RecvFuncParam.cpp">
      <Filter>Source Files</Filter>
    </ClCompile>
    <ClCompile Include="ListenThreadNode.cpp">
      <Filter>Source Files</Filter>
    </ClCompile>
    <ClCompile Include="ListenThread.cpp">
      <Filter>Source Files</Filter>
    </ClCompile>
  </ItemGroup>
  <ItemGroup>
    <Image Include="Icon.ico">
      <Filter>Resource Files</Filter>
    </Image>
  </ItemGroup>
  <ItemGroup>
    <Text Include="..\EMTServerAuxiliary\errors.txt" />
    <Text Include="..\EMTServerAuxiliary\log.txt" />
    <Text Include="..\EMTServerAuxiliary\memoryLeaks.txt" />
  </ItemGroup>
</Project>