<?xml version="1.0" encoding="utf-8"?>
<Project ToolsVersion="4.0" xmlns="http://schemas.microsoft.com/developer/msbuild/2003">
  <ItemGroup>
    <Filter Include="src">
      <UniqueIdentifier>{c65fe7da-356a-48b1-9e91-902d34ae4bef}</UniqueIdentifier>
    </Filter>
    <Filter Include="build">
      <UniqueIdentifier>{2439c336-1f03-4e52-a4b6-74734dbcb629}</UniqueIdentifier>
    </Filter>
    <Filter Include="rc">
      <UniqueIdentifier>{1dda29b2-3abf-45a1-8d6a-47436c079702}</UniqueIdentifier>
    </Filter>
    <Filter Include="rain-aeternum">
      <UniqueIdentifier>{b30b134a-d98e-4e14-8747-ffb825b87052}</UniqueIdentifier>
    </Filter>
    <Filter Include="logs">
      <UniqueIdentifier>{b7abf1b1-d54b-4abe-8613-659d043d8d40}</UniqueIdentifier>
    </Filter>
    <Filter Include="config">
      <UniqueIdentifier>{ab1b3081-c7c7-44a1-8d9f-767075bd48ff}</UniqueIdentifier>
    </Filter>
    <Filter Include="data">
      <UniqueIdentifier>{b417e276-a129-4a7a-b08d-b6f7dabbf367}</UniqueIdentifier>
    </Filter>
    <Filter Include="bin">
      <UniqueIdentifier>{1da75a11-4f7c-458a-b83e-9692b48b681a}</UniqueIdentifier>
    </Filter>
    <Filter Include="exclusive">
      <UniqueIdentifier>{8e8f8bf7-6602-460b-b3b9-83ea8842e64e}</UniqueIdentifier>
    </Filter>
    <Filter Include="exclusive\emilia-tan.com">
      <UniqueIdentifier>{7de07f48-d714-42c6-8f0f-bd95699d7204}</UniqueIdentifier>
    </Filter>
    <Filter Include="exclusive\emilia-tan.com\config">
      <UniqueIdentifier>{ce0340ff-1bb5-48a7-a7ae-0eaf41965328}</UniqueIdentifier>
    </Filter>
    <Filter Include="exclusive\emilia-tan.com\logs">
      <UniqueIdentifier>{b26c3850-321b-41eb-8987-29a5f4efde43}</UniqueIdentifier>
    </Filter>
    <Filter Include="scripts">
      <UniqueIdentifier>{820afa31-555c-4ed2-ac9e-c10ad2fea96b}</UniqueIdentifier>
    </Filter>
    <Filter Include="exclusive\emilia-tan.com\data">
      <UniqueIdentifier>{8c666b16-b246-4db7-ae35-019f3034a8e6}</UniqueIdentifier>
    </Filter>
  </ItemGroup>
  <ItemGroup>
    <ClInclude Include="..\src\smtp-server.h">
      <Filter>src</Filter>
    </ClInclude>
    <ClInclude Include="..\src\http-server.h">
      <Filter>src</Filter>
    </ClInclude>
    <ClInclude Include="..\src\main.h">
      <Filter>src</Filter>
    </ClInclude>
    <ClInclude Include="..\src\rain-aeternum\algorithm-libraries.h">
      <Filter>rain-aeternum</Filter>
    </ClInclude>
    <ClInclude Include="..\src\rain-aeternum\gdi-plus-include.h">
      <Filter>rain-aeternum</Filter>
    </ClInclude>
    <ClInclude Include="..\src\rain-aeternum\network-base.h">
      <Filter>rain-aeternum</Filter>
    </ClInclude>
    <ClInclude Include="..\src\rain-aeternum\network-client-manager.h">
      <Filter>rain-aeternum</Filter>
    </ClInclude>
    <ClInclude Include="..\src\rain-aeternum\network-libraries.h">
      <Filter>rain-aeternum</Filter>
    </ClInclude>
    <ClInclude Include="..\src\rain-aeternum\network-recv-thread.h">
      <Filter>rain-aeternum</Filter>
    </ClInclude>
    <ClInclude Include="..\src\rain-aeternum\network-server-manager.h">
      <Filter>rain-aeternum</Filter>
    </ClInclude>
    <ClInclude Include="..\src\rain-aeternum\network-smtp.h">
      <Filter>rain-aeternum</Filter>
    </ClInclude>
    <ClInclude Include="..\src\rain-aeternum\network-socket-manager.h">
      <Filter>rain-aeternum</Filter>
    </ClInclude>
    <ClInclude Include="..\src\rain-aeternum\network-utility.h">
      <Filter>rain-aeternum</Filter>
    </ClInclude>
    <ClInclude Include="..\src\rain-aeternum\network-wsa-include.h">
      <Filter>rain-aeternum</Filter>
    </ClInclude>
    <ClInclude Include="..\src\rain-aeternum\rain-libraries.h">
      <Filter>rain-aeternum</Filter>
    </ClInclude>
    <ClInclude Include="..\src\rain-aeternum\rain-window.h">
      <Filter>rain-aeternum</Filter>
    </ClInclude>
    <ClInclude Include="..\src\rain-aeternum\utility-error.h">
      <Filter>rain-aeternum</Filter>
    </ClInclude>
    <ClInclude Include="..\src\rain-aeternum\utility-filesystem.h">
      <Filter>rain-aeternum</Filter>
    </ClInclude>
    <ClInclude Include="..\src\rain-aeternum\utility-libraries.h">
      <Filter>rain-aeternum</Filter>
    </ClInclude>
    <ClInclude Include="..\src\rain-aeternum\utility-logging.h">
      <Filter>rain-aeternum</Filter>
    </ClInclude>
    <ClInclude Include="..\src\rain-aeternum\utility-string.h">
      <Filter>rain-aeternum</Filter>
    </ClInclude>
    <ClInclude Include="..\src\rain-aeternum\utility-time.h">
      <Filter>rain-aeternum</Filter>
    </ClInclude>
    <ClInclude Include="..\src\rain-aeternum\windows-lam-include.h">
      <Filter>rain-aeternum</Filter>
    </ClInclude>
    <ClInclude Include="..\src\update-server.h">
      <Filter>src</Filter>
    </ClInclude>
    <ClInclude Include="..\src\update-client.h">
      <Filter>src</Filter>
    </ClInclude>
    <ClInclude Include="..\src\command-handler-param.h">
      <Filter>src</Filter>
    </ClInclude>
    <ClInclude Include="..\src\command-handler.h">
      <Filter>src</Filter>
    </ClInclude>
    <ClInclude Include="..\src\update-client-param.h">
      <Filter>src</Filter>
    </ClInclude>
    <ClInclude Include="..\src\update-helper.h">
      <Filter>src</Filter>
    </ClInclude>
    <ClInclude Include="..\src\update-server-param.h">
      <Filter>src</Filter>
    </ClInclude>
    <ClInclude Include="..\src\build-helper.h">
      <Filter>src</Filter>
    </ClInclude>
    <ClInclude Include="..\rc\build.h">
      <Filter>rc</Filter>
    </ClInclude>
    <ClInclude Include="..\src\smtp-external-client.h">
      <Filter>src</Filter>
    </ClInclude>
    <ClInclude Include="..\src\rain-aeternum\network-recv-param.h">
      <Filter>rain-aeternum</Filter>
    </ClInclude>
    <ClInclude Include="..\src\rain-aeternum\network-headed-managers.h">
      <Filter>rain-aeternum</Filter>
    </ClInclude>
    <ClInclude Include="..\src\update-helper-param.h">
      <Filter>src</Filter>
    </ClInclude>
    <ClInclude Include="..\src\rain-aeternum\condition-variable.h">
      <Filter>rain-aeternum</Filter>
    </ClInclude>
  </ItemGroup>
  <ItemGroup>
    <ClCompile Include="..\src\http-server.cpp">
      <Filter>src</Filter>
    </ClCompile>
    <ClCompile Include="..\src\main.cpp">
      <Filter>src</Filter>
    </ClCompile>
    <ClCompile Include="..\src\smtp-server.cpp">
      <Filter>src</Filter>
    </ClCompile>
    <ClCompile Include="..\src\rain-aeternum\algorithm-libraries.cpp">
      <Filter>rain-aeternum</Filter>
    </ClCompile>
    <ClCompile Include="..\src\rain-aeternum\network-base.cpp">
      <Filter>rain-aeternum</Filter>
    </ClCompile>
    <ClCompile Include="..\src\rain-aeternum\network-client-manager.cpp">
      <Filter>rain-aeternum</Filter>
    </ClCompile>
    <ClCompile Include="..\src\rain-aeternum\network-recv-thread.cpp">
      <Filter>rain-aeternum</Filter>
    </ClCompile>
    <ClCompile Include="..\src\rain-aeternum\network-server-manager.cpp">
      <Filter>rain-aeternum</Filter>
    </ClCompile>
    <ClCompile Include="..\src\rain-aeternum\network-smtp.cpp">
      <Filter>rain-aeternum</Filter>
    </ClCompile>
    <ClCompile Include="..\src\rain-aeternum\network-utility.cpp">
      <Filter>rain-aeternum</Filter>
    </ClCompile>
    <ClCompile Include="..\src\rain-aeternum\rain-window.cpp">
      <Filter>rain-aeternum</Filter>
    </ClCompile>
    <ClCompile Include="..\src\rain-aeternum\utility-error.cpp">
      <Filter>rain-aeternum</Filter>
    </ClCompile>
    <ClCompile Include="..\src\rain-aeternum\utility-filesystem.cpp">
      <Filter>rain-aeternum</Filter>
    </ClCompile>
    <ClCompile Include="..\src\rain-aeternum\utility-libraries.cpp">
      <Filter>rain-aeternum</Filter>
    </ClCompile>
    <ClCompile Include="..\src\rain-aeternum\utility-logging.cpp">
      <Filter>rain-aeternum</Filter>
    </ClCompile>
    <ClCompile Include="..\src\rain-aeternum\utility-string.cpp">
      <Filter>rain-aeternum</Filter>
    </ClCompile>
    <ClCompile Include="..\src\rain-aeternum\utility-time.cpp">
      <Filter>rain-aeternum</Filter>
    </ClCompile>
    <ClCompile Include="..\src\update-server.cpp">
      <Filter>src</Filter>
    </ClCompile>
    <ClCompile Include="..\src\update-client.cpp">
      <Filter>src</Filter>
    </ClCompile>
    <ClCompile Include="..\src\command-handler.cpp">
      <Filter>src</Filter>
    </ClCompile>
    <ClCompile Include="..\src\update-helper.cpp">
      <Filter>src</Filter>
    </ClCompile>
    <ClCompile Include="..\src\build-helper.cpp">
      <Filter>src</Filter>
    </ClCompile>
    <ClCompile Include="..\src\smtp-external-client.cpp">
      <Filter>src</Filter>
    </ClCompile>
    <ClCompile Include="..\src\scripts\access-smtp.cpp">
      <Filter>scripts</Filter>
    </ClCompile>
    <ClCompile Include="..\src\scripts\print-get.cpp">
      <Filter>scripts</Filter>
    </ClCompile>
    <ClCompile Include="..\src\scripts\print-post.cpp">
      <Filter>scripts</Filter>
    </ClCompile>
    <ClCompile Include="..\src\scripts\track-mac-ip.cpp">
      <Filter>scripts</Filter>
    </ClCompile>
    <ClCompile Include="..\src\scripts\print-ip.cpp">
      <Filter>scripts</Filter>
    </ClCompile>
    <ClCompile Include="..\src\rain-aeternum\network-headed-managers.cpp">
      <Filter>rain-aeternum</Filter>
    </ClCompile>
    <ClCompile Include="..\src\scripts\update-mlist-subs.cpp">
      <Filter>scripts</Filter>
    </ClCompile>
    <ClCompile Include="..\src\rain-aeternum\condition-variable.cpp">
      <Filter>rain-aeternum</Filter>
    </ClCompile>
    <ClCompile Include="..\src\scripts\wait-10-secs.cpp">
      <Filter>scripts</Filter>
    </ClCompile>
    <ClCompile Include="..\src\scripts\prototype-stream-random.cpp">
      <Filter>scripts</Filter>
    </ClCompile>
    <ClCompile Include="..\src\scripts\prototype-radio-backend.cpp">
      <Filter>scripts</Filter>
    </ClCompile>
  </ItemGroup>
  <ItemGroup>
    <None Include="..\build\build.bat">
      <Filter>build</Filter>
    </None>
    <None Include="..\config\config.ini">
      <Filter>config</Filter>
    </None>
    <None Include="..\config\http-404.html">
      <Filter>config</Filter>
    </None>
    <None Include="..\config\http-cgi.ini">
      <Filter>config</Filter>
    </None>
    <None Include="..\config\http-content-type.ini">
      <Filter>config</Filter>
    </None>
    <None Include="..\config\http-headers.ini">
      <Filter>config</Filter>
    </None>
    <None Include="..\.gitignore" />
    <None Include="..\changelog.md" />
    <None Include="..\readme.md" />
    <None Include="..\todo.md" />
    <None Include="..\config\update-exclusives.ini">
      <Filter>config</Filter>
    </None>
    <None Include="..\data\mail-users.ini">
      <Filter>data</Filter>
    </None>
    <None Include="..\config\update-ignores.ini">
      <Filter>config</Filter>
    </None>
    <None Include="..\bin\update-script.bat">
      <Filter>bin</Filter>
    </None>
    <None Include="..\exclusive\emilia-tan.com\config\update-ignores.ini">
      <Filter>exclusive\emilia-tan.com\config</Filter>
    </None>
    <None Include="..\exclusive\emilia-tan.com\config\config.ini">
      <Filter>exclusive\emilia-tan.com\config</Filter>
    </None>
    <None Include="..\exclusive\emilia-tan.com\config\http-404.html">
      <Filter>exclusive\emilia-tan.com\config</Filter>
    </None>
    <None Include="..\exclusive\emilia-tan.com\config\http-cgi.ini">
      <Filter>exclusive\emilia-tan.com\config</Filter>
    </None>
    <None Include="..\exclusive\emilia-tan.com\config\http-content-type.ini">
      <Filter>exclusive\emilia-tan.com\config</Filter>
    </None>
    <None Include="..\exclusive\emilia-tan.com\config\http-headers.ini">
      <Filter>exclusive\emilia-tan.com\config</Filter>
    </None>
    <None Include="..\exclusive\emilia-tan.com\config\update-exclusives.ini">
      <Filter>exclusive\emilia-tan.com\config</Filter>
    </None>
    <None Include="..\build\build-inc.bat">
      <Filter>build</Filter>
    </None>
    <None Include="..\build\pre-build-event.bat">
      <Filter>build</Filter>
    </None>
    <None Include="..\build\setup-env.bat">
      <Filter>build</Filter>
    </None>
    <None Include="..\data\mac-ip.ini">
      <Filter>data</Filter>
    </None>
    <None Include="..\build\build-scripts.bat">
      <Filter>build</Filter>
    </None>
    <None Include="..\build\post-build-event.bat">
      <Filter>build</Filter>
    </None>
    <None Include="..\exclusive\emilia-tan.com\data\mail-users.ini">
      <Filter>exclusive\emilia-tan.com\data</Filter>
    </None>
    <None Include="..\exclusive\emilia-tan.com\data\track-mac-ip.ini">
      <Filter>exclusive\emilia-tan.com\data</Filter>
    </None>
    <None Include="..\data\mlist-subs.ini">
      <Filter>data</Filter>
    </None>
    <None Include="..\exclusive\emilia-tan.com\data\mlist-subs.ini">
      <Filter>exclusive\emilia-tan.com\data</Filter>
    </None>
    <None Include="..\exclusive\emilia-tan.com\config\update-exc-ignores.ini">
      <Filter>exclusive\emilia-tan.com\config</Filter>
    </None>
    <None Include="..\config\update-exc-ignores.ini">
      <Filter>config</Filter>
    </None>
  </ItemGroup>
  <ItemGroup>
    <Image Include="..\rc\icon.ico">
      <Filter>rc</Filter>
    </Image>
    <Image Include="..\rc\icon.png">
      <Filter>rc</Filter>
    </Image>
    <Image Include="..\rc\orig.png">
      <Filter>rc</Filter>
    </Image>
  </ItemGroup>
  <ItemGroup>
    <ResourceCompile Include="..\rc\rc.rc">
      <Filter>rc</Filter>
    </ResourceCompile>
  </ItemGroup>
  <ItemGroup>
    <Text Include="..\logs\errors.log">
      <Filter>logs</Filter>
    </Text>
    <Text Include="..\logs\log.log">
      <Filter>logs</Filter>
    </Text>
    <Text Include="..\logs\memory-leaks.log">
      <Filter>logs</Filter>
    </Text>
    <Text Include="..\exclusive\emilia-tan.com\logs\errors.log">
      <Filter>exclusive\emilia-tan.com\logs</Filter>
    </Text>
    <Text Include="..\exclusive\emilia-tan.com\logs\log.log">
      <Filter>exclusive\emilia-tan.com\logs</Filter>
    </Text>
    <Text Include="..\exclusive\emilia-tan.com\logs\memory-leaks.log">
      <Filter>exclusive\emilia-tan.com\logs</Filter>
    </Text>
  </ItemGroup>
  <ItemGroup>
    <CopyFileToFolders Include="..\src\update-script.bat">
      <Filter>src</Filter>
    </CopyFileToFolders>
  </ItemGroup>
</Project>