
Microsoft Visual Studio Solution File, Format Version 12.00
# Visual Studio 15
VisualStudioVersion = 15.0.28307.106
MinimumVisualStudioVersion = 10.0.40219.1
Project("{8BC9CEB8-8B4A-11D0-8D11-00A0C91BC942}") = "emilia", "emilia.vcxproj", "{28028940-EC89-47C0-A4B5-956F1FEE006F}"
EndProject
Global
	GlobalSection(SolutionConfigurationPlatforms) = preSolution
		debug|x64 = debug|x64
		debug|x86 = debug|x86
		release|x64 = release|x64
		release|x86 = release|x86
	EndGlobalSection
	GlobalSection(ProjectConfigurationPlatforms) = postSolution
		{28028940-EC89-47C0-A4B5-956F1FEE006F}.debug|x64.ActiveCfg = debug|x64
		{28028940-EC89-47C0-A4B5-956F1FEE006F}.debug|x64.Build.0 = debug|x64
		{28028940-EC89-47C0-A4B5-956F1FEE006F}.debug|x86.ActiveCfg = debug|Win32
		{28028940-EC89-47C0-A4B5-956F1FEE006F}.debug|x86.Build.0 = debug|Win32
		{28028940-EC89-47C0-A4B5-956F1FEE006F}.release|x64.ActiveCfg = release|x64
		{28028940-EC89-47C0-A4B5-956F1FEE006F}.release|x64.Build.0 = release|x64
		{28028940-EC89-47C0-A4B5-956F1FEE006F}.release|x86.ActiveCfg = release|Win32
		{28028940-EC89-47C0-A4B5-956F1FEE006F}.release|x86.Build.0 = release|Win32
	EndGlobalSection
	GlobalSection(SolutionProperties) = preSolution
		HideSolutionNode = FALSE
	EndGlobalSection
	GlobalSection(ExtensibilityGlobals) = postSolution
		SolutionGuid = {72FE280B-C645-4871-A857-1ECF12FE3DC0}
	EndGlobalSection
EndGlobal
