<?xml version="1.0" encoding="utf-8"?>
<Project ToolsVersion="4.0" xmlns="http://schemas.microsoft.com/developer/msbuild/2003">
  <ItemGroup>
    <Filter Include="src">
      <UniqueIdentifier>{c65fe7da-356a-48b1-9e91-902d34ae4bef}</UniqueIdentifier>
    </Filter>
    <Filter Include="build">
      <UniqueIdentifier>{2439c336-1f03-4e52-a4b6-74734dbcb629}</UniqueIdentifier>
    </Filter>
    <Filter Include="rc">
      <UniqueIdentifier>{1dda29b2-3abf-45a1-8d6a-47436c079702}</UniqueIdentifier>
    </Filter>
    <Filter Include="rain">
      <UniqueIdentifier>{d3edf89e-5110-4d10-90bc-79424d94fd76}</UniqueIdentifier>
    </Filter>
    <Filter Include="rain\cpp">
      <UniqueIdentifier>{ceef7fef-da27-4695-833f-c302f3f6f57a}</UniqueIdentifier>
    </Filter>
  </ItemGroup>
  <ItemGroup>
    <ClInclude Include="..\rain\cpp\algorithm-libraries.hpp">
      <Filter>rain\cpp</Filter>
    </ClInclude>
    <ClInclude Include="..\rain\cpp\condition-variable.hpp">
      <Filter>rain\cpp</Filter>
    </ClInclude>
    <ClInclude Include="..\rain\cpp\configuration.hpp">
      <Filter>rain\cpp</Filter>
    </ClInclude>
    <ClInclude Include="..\rain\cpp\gdi-plus-include.hpp">
      <Filter>rain\cpp</Filter>
    </ClInclude>
    <ClInclude Include="..\rain\cpp\gdi-plus-libraries.hpp">
      <Filter>rain\cpp</Filter>
    </ClInclude>
    <ClInclude Include="..\rain\cpp\logstream.hpp">
      <Filter>rain\cpp</Filter>
    </ClInclude>
    <ClInclude Include="..\rain\cpp\minmax.hpp">
      <Filter>rain\cpp</Filter>
    </ClInclude>
    <ClInclude Include="..\rain\cpp\network-base.hpp">
      <Filter>rain\cpp</Filter>
    </ClInclude>
    <ClInclude Include="..\rain\cpp\network-client-manager.hpp">
      <Filter>rain\cpp</Filter>
    </ClInclude>
    <ClInclude Include="..\rain\cpp\network-headed-managers.hpp">
      <Filter>rain\cpp</Filter>
    </ClInclude>
    <ClInclude Include="..\rain\cpp\network-libraries.hpp">
      <Filter>rain\cpp</Filter>
    </ClInclude>
    <ClInclude Include="..\rain\cpp\network-recv-param.hpp">
      <Filter>rain\cpp</Filter>
    </ClInclude>
    <ClInclude Include="..\rain\cpp\network-recv-thread.hpp">
      <Filter>rain\cpp</Filter>
    </ClInclude>
    <ClInclude Include="..\rain\cpp\network-server-manager.hpp">
      <Filter>rain\cpp</Filter>
    </ClInclude>
    <ClInclude Include="..\rain\cpp\network-smtp.hpp">
      <Filter>rain\cpp</Filter>
    </ClInclude>
    <ClInclude Include="..\rain\cpp\network-socket-manager.hpp">
      <Filter>rain\cpp</Filter>
    </ClInclude>
    <ClInclude Include="..\rain\cpp\network-utility.hpp">
      <Filter>rain\cpp</Filter>
    </ClInclude>
    <ClInclude Include="..\rain\cpp\network-wsa-include.hpp">
      <Filter>rain\cpp</Filter>
    </ClInclude>
    <ClInclude Include="..\rain\cpp\rain.hpp">
      <Filter>rain\cpp</Filter>
    </ClInclude>
    <ClInclude Include="..\rain\cpp\rain-window.hpp">
      <Filter>rain\cpp</Filter>
    </ClInclude>
    <ClInclude Include="..\rain\cpp\timer.hpp">
      <Filter>rain\cpp</Filter>
    </ClInclude>
    <ClInclude Include="..\rain\cpp\utility-error.hpp">
      <Filter>rain\cpp</Filter>
    </ClInclude>
    <ClInclude Include="..\rain\cpp\utility-filesystem.hpp">
      <Filter>rain\cpp</Filter>
    </ClInclude>
    <ClInclude Include="..\rain\cpp\utility-libraries.hpp">
      <Filter>rain\cpp</Filter>
    </ClInclude>
    <ClInclude Include="..\rain\cpp\utility-logging.hpp">
      <Filter>rain\cpp</Filter>
    </ClInclude>
    <ClInclude Include="..\rain\cpp\utility-platform.hpp">
      <Filter>rain\cpp</Filter>
    </ClInclude>
    <ClInclude Include="..\rain\cpp\utility-string.hpp">
      <Filter>rain\cpp</Filter>
    </ClInclude>
    <ClInclude Include="..\rain\cpp\utility-time.hpp">
      <Filter>rain\cpp</Filter>
    </ClInclude>
    <ClInclude Include="..\rain\cpp\windows-lam-include.hpp">
      <Filter>rain\cpp</Filter>
    </ClInclude>
    <ClInclude Include="..\src\command-handler.hpp">
      <Filter>src</Filter>
    </ClInclude>
    <ClInclude Include="..\src\constants.hpp">
      <Filter>src</Filter>
    </ClInclude>
    <ClInclude Include="..\src\deploy-client.hpp">
      <Filter>src</Filter>
    </ClInclude>
    <ClInclude Include="..\src\deploy-client-param.hpp">
      <Filter>src</Filter>
    </ClInclude>
    <ClInclude Include="..\src\deploy-server.hpp">
      <Filter>src</Filter>
    </ClInclude>
    <ClInclude Include="..\src\deploy-server-param.hpp">
      <Filter>src</Filter>
    </ClInclude>
    <ClInclude Include="..\src\http-server.hpp">
      <Filter>src</Filter>
    </ClInclude>
    <ClInclude Include="..\src\http-server-param.hpp">
      <Filter>src</Filter>
    </ClInclude>
    <ClInclude Include="..\src\main.hpp">
      <Filter>src</Filter>
    </ClInclude>
    <ClInclude Include="..\src\main-param.hpp">
      <Filter>src</Filter>
    </ClInclude>
    <ClInclude Include="..\src\smtp-external-client.hpp">
      <Filter>src</Filter>
    </ClInclude>
    <ClInclude Include="..\src\smtp-server.hpp">
      <Filter>src</Filter>
    </ClInclude>
    <ClInclude Include="..\src\smtp-server-param.hpp">
      <Filter>src</Filter>
    </ClInclude>
    <ClInclude Include="..\src\utils.hpp">
      <Filter>src</Filter>
    </ClInclude>
    <ClInclude Include="..\rc\build.hpp">
      <Filter>rc</Filter>
    </ClInclude>
  </ItemGroup>
  <ItemGroup>
    <ClCompile Include="..\src\http-server.cpp">
      <Filter>src</Filter>
    </ClCompile>
    <ClCompile Include="..\src\main.cpp">
      <Filter>src</Filter>
    </ClCompile>
    <ClCompile Include="..\src\smtp-server.cpp">
      <Filter>src</Filter>
    </ClCompile>
    <ClCompile Include="..\src\command-handler.cpp">
      <Filter>src</Filter>
    </ClCompile>
    <ClCompile Include="..\src\smtp-external-client.cpp">
      <Filter>src</Filter>
    </ClCompile>
    <ClCompile Include="..\src\deploy-client.cpp">
      <Filter>src</Filter>
    </ClCompile>
    <ClCompile Include="..\src\deploy-server.cpp">
      <Filter>src</Filter>
    </ClCompile>
    <ClCompile Include="..\src\constants.cpp">
      <Filter>src</Filter>
    </ClCompile>
    <ClCompile Include="..\src\utils.cpp">
      <Filter>src</Filter>
    </ClCompile>
    <ClCompile Include="..\rain\cpp\algorithm-libraries.cpp">
      <Filter>rain\cpp</Filter>
    </ClCompile>
    <ClCompile Include="..\rain\cpp\condition-variable.cpp">
      <Filter>rain\cpp</Filter>
    </ClCompile>
    <ClCompile Include="..\rain\cpp\configuration.cpp">
      <Filter>rain\cpp</Filter>
    </ClCompile>
    <ClCompile Include="..\rain\cpp\gdi-plus-libraries.cpp">
      <Filter>rain\cpp</Filter>
    </ClCompile>
    <ClCompile Include="..\rain\cpp\logstream.cpp">
      <Filter>rain\cpp</Filter>
    </ClCompile>
    <ClCompile Include="..\rain\cpp\network-base.cpp">
      <Filter>rain\cpp</Filter>
    </ClCompile>
    <ClCompile Include="..\rain\cpp\network-client-manager.cpp">
      <Filter>rain\cpp</Filter>
    </ClCompile>
    <ClCompile Include="..\rain\cpp\network-headed-managers.cpp">
      <Filter>rain\cpp</Filter>
    </ClCompile>
    <ClCompile Include="..\rain\cpp\network-recv-param.cpp">
      <Filter>rain\cpp</Filter>
    </ClCompile>
    <ClCompile Include="..\rain\cpp\network-recv-thread.cpp">
      <Filter>rain\cpp</Filter>
    </ClCompile>
    <ClCompile Include="..\rain\cpp\network-server-manager.cpp">
      <Filter>rain\cpp</Filter>
    </ClCompile>
    <ClCompile Include="..\rain\cpp\network-smtp.cpp">
      <Filter>rain\cpp</Filter>
    </ClCompile>
    <ClCompile Include="..\rain\cpp\network-utility.cpp">
      <Filter>rain\cpp</Filter>
    </ClCompile>
    <ClCompile Include="..\rain\cpp\rain-window.cpp">
      <Filter>rain\cpp</Filter>
    </ClCompile>
    <ClCompile Include="..\rain\cpp\timer.cpp">
      <Filter>rain\cpp</Filter>
    </ClCompile>
    <ClCompile Include="..\rain\cpp\utility-error.cpp">
      <Filter>rain\cpp</Filter>
    </ClCompile>
    <ClCompile Include="..\rain\cpp\utility-filesystem.cpp">
      <Filter>rain\cpp</Filter>
    </ClCompile>
    <ClCompile Include="..\rain\cpp\utility-libraries.cpp">
      <Filter>rain\cpp</Filter>
    </ClCompile>
    <ClCompile Include="..\rain\cpp\utility-logging.cpp">
      <Filter>rain\cpp</Filter>
    </ClCompile>
    <ClCompile Include="..\rain\cpp\utility-platform.cpp">
      <Filter>rain\cpp</Filter>
    </ClCompile>
    <ClCompile Include="..\rain\cpp\utility-string.cpp">
      <Filter>rain\cpp</Filter>
    </ClCompile>
    <ClCompile Include="..\rain\cpp\utility-time.cpp">
      <Filter>rain\cpp</Filter>
    </ClCompile>
  </ItemGroup>
  <ItemGroup>
    <None Include="..\.gitignore" />
    <None Include="..\changelog.md" />
    <None Include="..\readme.md" />
    <None Include="..\todo.md" />
    <None Include="..\rain\cpp\readme.md">
      <Filter>rain\cpp</Filter>
    </None>
  </ItemGroup>
  <ItemGroup>
    <Image Include="..\rc\icon.ico">
      <Filter>rc</Filter>
    </Image>
  </ItemGroup>
  <ItemGroup>
    <ResourceCompile Include="..\rc\rc.rc">
      <Filter>rc</Filter>
    </ResourceCompile>
  </ItemGroup>
  <ItemGroup>
    <CustomBuild Include="..\build\build-inc.bat">
      <Filter>build</Filter>
    </CustomBuild>
    <CustomBuild Include="..\build\post-build-event.bat">
      <Filter>build</Filter>
    </CustomBuild>
    <CustomBuild Include="..\build\pre-build-event.bat">
      <Filter>build</Filter>
    </CustomBuild>
  </ItemGroup>
</Project>